// !$*UTF8*$!
{
	archiveVersion = 1;
	classes = {
	};
	objectVersion = 50;
	objects = {

/* Begin PBXBuildFile section */
		712DB38E20F85CE000BFDB62 /* PostCollectionCell.m in Sources */ = {isa = PBXBuildFile; fileRef = 712DB38D20F85CE000BFDB62 /* PostCollectionCell.m */; };
		71499E9720F411B200A2595F /* AppDelegate.m in Sources */ = {isa = PBXBuildFile; fileRef = 71499E9620F411B200A2595F /* AppDelegate.m */; };
		71499E9D20F411B200A2595F /* Main.storyboard in Resources */ = {isa = PBXBuildFile; fileRef = 71499E9B20F411B200A2595F /* Main.storyboard */; };
		71499E9F20F411B400A2595F /* Assets.xcassets in Resources */ = {isa = PBXBuildFile; fileRef = 71499E9E20F411B400A2595F /* Assets.xcassets */; };
		71499EA220F411B400A2595F /* LaunchScreen.storyboard in Resources */ = {isa = PBXBuildFile; fileRef = 71499EA020F411B400A2595F /* LaunchScreen.storyboard */; };
		71499EA520F411B400A2595F /* main.m in Sources */ = {isa = PBXBuildFile; fileRef = 71499EA420F411B400A2595F /* main.m */; };
		71499EB020F4224200A2595F /* LoginViewController.m in Sources */ = {isa = PBXBuildFile; fileRef = 71499EAF20F4224200A2595F /* LoginViewController.m */; };
		71499EB320F42F7300A2595F /* FeedViewController.m in Sources */ = {isa = PBXBuildFile; fileRef = 71499EB220F42F7300A2595F /* FeedViewController.m */; };
		71499EB920F5263B00A2595F /* Post.m in Sources */ = {isa = PBXBuildFile; fileRef = 71499EB820F5263B00A2595F /* Post.m */; };
		71499EBC20F52AD700A2595F /* PostCell.m in Sources */ = {isa = PBXBuildFile; fileRef = 71499EBB20F52AD700A2595F /* PostCell.m */; };
		71499EBF20F52EEB00A2595F /* ComposeViewController.m in Sources */ = {isa = PBXBuildFile; fileRef = 71499EBE20F52EEB00A2595F /* ComposeViewController.m */; };
		71CD5B5620F6A6BE009C12FA /* DetailsViewController.m in Sources */ = {isa = PBXBuildFile; fileRef = 71CD5B5520F6A6BE009C12FA /* DetailsViewController.m */; };
		71CD5B5920F7F2E9009C12FA /* ProfileViewController.m in Sources */ = {isa = PBXBuildFile; fileRef = 71CD5B5820F7F2E9009C12FA /* ProfileViewController.m */; };
		71CD5B5C20F7FA85009C12FA /* EditProfileViewController.m in Sources */ = {isa = PBXBuildFile; fileRef = 71CD5B5B20F7FA85009C12FA /* EditProfileViewController.m */; };
		FF37803911AFA9DA2ACC1017 /* libPods-Sarahgram.a in Frameworks */ = {isa = PBXBuildFile; fileRef = 381E194887204D88A5B8E020 /* libPods-Sarahgram.a */; };
/* End PBXBuildFile section */

/* Begin PBXFileReference section */
		29DF87025CCA3F73CCF71621 /* Pods-Sarahgram.release.xcconfig */ = {isa = PBXFileReference; includeInIndex = 1; lastKnownFileType = text.xcconfig; name = "Pods-Sarahgram.release.xcconfig"; path = "Pods/Target Support Files/Pods-Sarahgram/Pods-Sarahgram.release.xcconfig"; sourceTree = "<group>"; };
		381E194887204D88A5B8E020 /* libPods-Sarahgram.a */ = {isa = PBXFileReference; explicitFileType = archive.ar; includeInIndex = 0; path = "libPods-Sarahgram.a"; sourceTree = BUILT_PRODUCTS_DIR; };
		64B9466D3AF5A7933F33AD8C /* Pods-Sarahgram.debug.xcconfig */ = {isa = PBXFileReference; includeInIndex = 1; lastKnownFileType = text.xcconfig; name = "Pods-Sarahgram.debug.xcconfig"; path = "Pods/Target Support Files/Pods-Sarahgram/Pods-Sarahgram.debug.xcconfig"; sourceTree = "<group>"; };
		712DB38C20F85CE000BFDB62 /* PostCollectionCell.h */ = {isa = PBXFileReference; lastKnownFileType = sourcecode.c.h; path = PostCollectionCell.h; sourceTree = "<group>"; };
		712DB38D20F85CE000BFDB62 /* PostCollectionCell.m */ = {isa = PBXFileReference; lastKnownFileType = sourcecode.c.objc; path = PostCollectionCell.m; sourceTree = "<group>"; };
		71499E9220F411B200A2595F /* Sarahgram.app */ = {isa = PBXFileReference; explicitFileType = wrapper.application; includeInIndex = 0; path = Sarahgram.app; sourceTree = BUILT_PRODUCTS_DIR; };
		71499E9520F411B200A2595F /* AppDelegate.h */ = {isa = PBXFileReference; lastKnownFileType = sourcecode.c.h; path = AppDelegate.h; sourceTree = "<group>"; };
		71499E9620F411B200A2595F /* AppDelegate.m */ = {isa = PBXFileReference; lastKnownFileType = sourcecode.c.objc; path = AppDelegate.m; sourceTree = "<group>"; };
		71499E9C20F411B200A2595F /* Base */ = {isa = PBXFileReference; lastKnownFileType = file.storyboard; name = Base; path = Base.lproj/Main.storyboard; sourceTree = "<group>"; };
		71499E9E20F411B400A2595F /* Assets.xcassets */ = {isa = PBXFileReference; lastKnownFileType = folder.assetcatalog; path = Assets.xcassets; sourceTree = "<group>"; };
		71499EA120F411B400A2595F /* Base */ = {isa = PBXFileReference; lastKnownFileType = file.storyboard; name = Base; path = Base.lproj/LaunchScreen.storyboard; sourceTree = "<group>"; };
		71499EA320F411B400A2595F /* Info.plist */ = {isa = PBXFileReference; lastKnownFileType = text.plist.xml; path = Info.plist; sourceTree = "<group>"; };
		71499EA420F411B400A2595F /* main.m */ = {isa = PBXFileReference; lastKnownFileType = sourcecode.c.objc; path = main.m; sourceTree = "<group>"; };
		71499EAE20F4224200A2595F /* LoginViewController.h */ = {isa = PBXFileReference; lastKnownFileType = sourcecode.c.h; path = LoginViewController.h; sourceTree = "<group>"; };
		71499EAF20F4224200A2595F /* LoginViewController.m */ = {isa = PBXFileReference; lastKnownFileType = sourcecode.c.objc; path = LoginViewController.m; sourceTree = "<group>"; };
		71499EB120F42F7300A2595F /* FeedViewController.h */ = {isa = PBXFileReference; lastKnownFileType = sourcecode.c.h; path = FeedViewController.h; sourceTree = "<group>"; };
		71499EB220F42F7300A2595F /* FeedViewController.m */ = {isa = PBXFileReference; lastKnownFileType = sourcecode.c.objc; path = FeedViewController.m; sourceTree = "<group>"; };
		71499EB720F5263B00A2595F /* Post.h */ = {isa = PBXFileReference; lastKnownFileType = sourcecode.c.h; path = Post.h; sourceTree = "<group>"; };
		71499EB820F5263B00A2595F /* Post.m */ = {isa = PBXFileReference; lastKnownFileType = sourcecode.c.objc; path = Post.m; sourceTree = "<group>"; };
		71499EBA20F52AD700A2595F /* PostCell.h */ = {isa = PBXFileReference; lastKnownFileType = sourcecode.c.h; path = PostCell.h; sourceTree = "<group>"; };
		71499EBB20F52AD700A2595F /* PostCell.m */ = {isa = PBXFileReference; lastKnownFileType = sourcecode.c.objc; path = PostCell.m; sourceTree = "<group>"; };
		71499EBD20F52EEB00A2595F /* ComposeViewController.h */ = {isa = PBXFileReference; lastKnownFileType = sourcecode.c.h; path = ComposeViewController.h; sourceTree = "<group>"; };
		71499EBE20F52EEB00A2595F /* ComposeViewController.m */ = {isa = PBXFileReference; lastKnownFileType = sourcecode.c.objc; path = ComposeViewController.m; sourceTree = "<group>"; };
		71CD5B5420F6A6BE009C12FA /* DetailsViewController.h */ = {isa = PBXFileReference; lastKnownFileType = sourcecode.c.h; path = DetailsViewController.h; sourceTree = "<group>"; };
		71CD5B5520F6A6BE009C12FA /* DetailsViewController.m */ = {isa = PBXFileReference; lastKnownFileType = sourcecode.c.objc; path = DetailsViewController.m; sourceTree = "<group>"; };
		71CD5B5720F7F2E9009C12FA /* ProfileViewController.h */ = {isa = PBXFileReference; lastKnownFileType = sourcecode.c.h; path = ProfileViewController.h; sourceTree = "<group>"; };
		71CD5B5820F7F2E9009C12FA /* ProfileViewController.m */ = {isa = PBXFileReference; lastKnownFileType = sourcecode.c.objc; path = ProfileViewController.m; sourceTree = "<group>"; };
		71CD5B5A20F7FA85009C12FA /* EditProfileViewController.h */ = {isa = PBXFileReference; lastKnownFileType = sourcecode.c.h; path = EditProfileViewController.h; sourceTree = "<group>"; };
		71CD5B5B20F7FA85009C12FA /* EditProfileViewController.m */ = {isa = PBXFileReference; lastKnownFileType = sourcecode.c.objc; path = EditProfileViewController.m; sourceTree = "<group>"; };
/* End PBXFileReference section */

/* Begin PBXFrameworksBuildPhase section */
		71499E8F20F411B200A2595F /* Frameworks */ = {
			isa = PBXFrameworksBuildPhase;
			buildActionMask = 2147483647;
			files = (
				FF37803911AFA9DA2ACC1017 /* libPods-Sarahgram.a in Frameworks */,
			);
			runOnlyForDeploymentPostprocessing = 0;
		};
/* End PBXFrameworksBuildPhase section */

/* Begin PBXGroup section */
		5ACD067E2B223D1759B5B2AE /* Pods */ = {
			isa = PBXGroup;
			children = (
				64B9466D3AF5A7933F33AD8C /* Pods-Sarahgram.debug.xcconfig */,
				29DF87025CCA3F73CCF71621 /* Pods-Sarahgram.release.xcconfig */,
			);
			name = Pods;
			sourceTree = "<group>";
		};
		712DB38B20F85CB200BFDB62 /* Views */ = {
			isa = PBXGroup;
			children = (
				71499EBA20F52AD700A2595F /* PostCell.h */,
				71499EBB20F52AD700A2595F /* PostCell.m */,
				712DB38C20F85CE000BFDB62 /* PostCollectionCell.h */,
				712DB38D20F85CE000BFDB62 /* PostCollectionCell.m */,
			);
			path = Views;
			sourceTree = "<group>";
		};
		71499E8920F411B200A2595F = {
			isa = PBXGroup;
			children = (
				71499E9420F411B200A2595F /* Sarahgram */,
				71499E9320F411B200A2595F /* Products */,
				5ACD067E2B223D1759B5B2AE /* Pods */,
				9C50168A1A7472C3827E4F68 /* Frameworks */,
			);
			sourceTree = "<group>";
		};
		71499E9320F411B200A2595F /* Products */ = {
			isa = PBXGroup;
			children = (
				71499E9220F411B200A2595F /* Sarahgram.app */,
			);
			name = Products;
			sourceTree = "<group>";
		};
		71499E9420F411B200A2595F /* Sarahgram */ = {
			isa = PBXGroup;
			children = (
				712DB38B20F85CB200BFDB62 /* Views */,
				71499EB620F525FC00A2595F /* Models */,
				71499E9520F411B200A2595F /* AppDelegate.h */,
				71499E9620F411B200A2595F /* AppDelegate.m */,
				71499E9B20F411B200A2595F /* Main.storyboard */,
				71499E9E20F411B400A2595F /* Assets.xcassets */,
				71499EA020F411B400A2595F /* LaunchScreen.storyboard */,
				71499EA320F411B400A2595F /* Info.plist */,
				71499EA420F411B400A2595F /* main.m */,
				71499EB420F525E100A2595F /* View Controllers */,
			);
			path = Sarahgram;
			sourceTree = "<group>";
		};
		71499EB420F525E100A2595F /* View Controllers */ = {
			isa = PBXGroup;
			children = (
				71499EAE20F4224200A2595F /* LoginViewController.h */,
				71499EAF20F4224200A2595F /* LoginViewController.m */,
				71499EB120F42F7300A2595F /* FeedViewController.h */,
				71499EB220F42F7300A2595F /* FeedViewController.m */,
				71499EBD20F52EEB00A2595F /* ComposeViewController.h */,
				71499EBE20F52EEB00A2595F /* ComposeViewController.m */,
				71CD5B5420F6A6BE009C12FA /* DetailsViewController.h */,
				71CD5B5520F6A6BE009C12FA /* DetailsViewController.m */,
				71CD5B5720F7F2E9009C12FA /* ProfileViewController.h */,
				71CD5B5820F7F2E9009C12FA /* ProfileViewController.m */,
				71CD5B5A20F7FA85009C12FA /* EditProfileViewController.h */,
				71CD5B5B20F7FA85009C12FA /* EditProfileViewController.m */,
			);
			path = "View Controllers";
			sourceTree = "<group>";
		};
		71499EB620F525FC00A2595F /* Models */ = {
			isa = PBXGroup;
			children = (
				71499EB720F5263B00A2595F /* Post.h */,
				71499EB820F5263B00A2595F /* Post.m */,
			);
			path = Models;
			sourceTree = "<group>";
		};
		9C50168A1A7472C3827E4F68 /* Frameworks */ = {
			isa = PBXGroup;
			children = (
				381E194887204D88A5B8E020 /* libPods-Sarahgram.a */,
			);
			name = Frameworks;
			sourceTree = "<group>";
		};
/* End PBXGroup section */

/* Begin PBXNativeTarget section */
		71499E9120F411B200A2595F /* Sarahgram */ = {
			isa = PBXNativeTarget;
			buildConfigurationList = 71499EA820F411B400A2595F /* Build configuration list for PBXNativeTarget "Sarahgram" */;
			buildPhases = (
				D37729294FD9EBA8B0B62136 /* [CP] Check Pods Manifest.lock */,
				71499E8E20F411B200A2595F /* Sources */,
				71499E8F20F411B200A2595F /* Frameworks */,
				71499E9020F411B200A2595F /* Resources */,
				1C6C7D857B36C6E2CACAC8F9 /* [CP] Copy Pods Resources */,
			);
			buildRules = (
			);
			dependencies = (
			);
			name = Sarahgram;
			productName = Sarahgram;
			productReference = 71499E9220F411B200A2595F /* Sarahgram.app */;
			productType = "com.apple.product-type.application";
		};
/* End PBXNativeTarget section */

/* Begin PBXProject section */
		71499E8A20F411B200A2595F /* Project object */ = {
			isa = PBXProject;
			attributes = {
				LastUpgradeCheck = 0940;
				ORGANIZATIONNAME = skembry;
				TargetAttributes = {
					71499E9120F411B200A2595F = {
						CreatedOnToolsVersion = 9.4.1;
					};
				};
			};
			buildConfigurationList = 71499E8D20F411B200A2595F /* Build configuration list for PBXProject "Sarahgram" */;
			compatibilityVersion = "Xcode 9.3";
			developmentRegion = en;
			hasScannedForEncodings = 0;
			knownRegions = (
				en,
				Base,
			);
			mainGroup = 71499E8920F411B200A2595F;
			productRefGroup = 71499E9320F411B200A2595F /* Products */;
			projectDirPath = "";
			projectRoot = "";
			targets = (
				71499E9120F411B200A2595F /* Sarahgram */,
			);
		};
/* End PBXProject section */

/* Begin PBXResourcesBuildPhase section */
		71499E9020F411B200A2595F /* Resources */ = {
			isa = PBXResourcesBuildPhase;
			buildActionMask = 2147483647;
			files = (
				71499EA220F411B400A2595F /* LaunchScreen.storyboard in Resources */,
				71499E9F20F411B400A2595F /* Assets.xcassets in Resources */,
				71499E9D20F411B200A2595F /* Main.storyboard in Resources */,
			);
			runOnlyForDeploymentPostprocessing = 0;
		};
/* End PBXResourcesBuildPhase section */

/* Begin PBXShellScriptBuildPhase section */
		1C6C7D857B36C6E2CACAC8F9 /* [CP] Copy Pods Resources */ = {
			isa = PBXShellScriptBuildPhase;
			buildActionMask = 2147483647;
			files = (
			);
			inputPaths = (
				"${SRCROOT}/Pods/Target Support Files/Pods-Sarahgram/Pods-Sarahgram-resources.sh",
				"${PODS_CONFIGURATION_BUILD_DIR}/Parse/Parse.bundle",
				"${PODS_ROOT}/ParseUI/ParseUI/Resources/Localization/en.lproj",
				"${PODS_ROOT}/ParseUI/ParseUI/Resources/Localization/fr.lproj",
				"${PODS_ROOT}/ParseUI/ParseUI/Resources/Localization/pt-BR.lproj",
			);
			name = "[CP] Copy Pods Resources";
			outputPaths = (
				"${TARGET_BUILD_DIR}/${UNLOCALIZED_RESOURCES_FOLDER_PATH}/Parse.bundle",
				"${TARGET_BUILD_DIR}/${UNLOCALIZED_RESOURCES_FOLDER_PATH}/en.lproj",
				"${TARGET_BUILD_DIR}/${UNLOCALIZED_RESOURCES_FOLDER_PATH}/fr.lproj",
				"${TARGET_BUILD_DIR}/${UNLOCALIZED_RESOURCES_FOLDER_PATH}/pt-BR.lproj",
			);
			runOnlyForDeploymentPostprocessing = 0;
			shellPath = /bin/sh;
			shellScript = "\"${SRCROOT}/Pods/Target Support Files/Pods-Sarahgram/Pods-Sarahgram-resources.sh\"\n";
			showEnvVarsInLog = 0;
		};
		D37729294FD9EBA8B0B62136 /* [CP] Check Pods Manifest.lock */ = {
			isa = PBXShellScriptBuildPhase;
			buildActionMask = 2147483647;
			files = (
			);
			inputPaths = (
				"${PODS_PODFILE_DIR_PATH}/Podfile.lock",
				"${PODS_ROOT}/Manifest.lock",
			);
			name = "[CP] Check Pods Manifest.lock";
			outputPaths = (
				"$(DERIVED_FILE_DIR)/Pods-Sarahgram-checkManifestLockResult.txt",
			);
			runOnlyForDeploymentPostprocessing = 0;
			shellPath = /bin/sh;
			shellScript = "diff \"${PODS_PODFILE_DIR_PATH}/Podfile.lock\" \"${PODS_ROOT}/Manifest.lock\" > /dev/null\nif [ $? != 0 ] ; then\n    # print error to STDERR\n    echo \"error: The sandbox is not in sync with the Podfile.lock. Run 'pod install' or update your CocoaPods installation.\" >&2\n    exit 1\nfi\n# This output is used by Xcode 'outputs' to avoid re-running this script phase.\necho \"SUCCESS\" > \"${SCRIPT_OUTPUT_FILE_0}\"\n";
			showEnvVarsInLog = 0;
		};
/* End PBXShellScriptBuildPhase section */

/* Begin PBXSourcesBuildPhase section */
		71499E8E20F411B200A2595F /* Sources */ = {
			isa = PBXSourcesBuildPhase;
			buildActionMask = 2147483647;
			files = (
				71499EB920F5263B00A2595F /* Post.m in Sources */,
				71CD5B5920F7F2E9009C12FA /* ProfileViewController.m in Sources */,
				712DB38E20F85CE000BFDB62 /* PostCollectionCell.m in Sources */,
				71CD5B5C20F7FA85009C12FA /* EditProfileViewController.m in Sources */,
				71499EA520F411B400A2595F /* main.m in Sources */,
				71499E9720F411B200A2595F /* AppDelegate.m in Sources */,
				71499EB320F42F7300A2595F /* FeedViewController.m in Sources */,
				71499EBF20F52EEB00A2595F /* ComposeViewController.m in Sources */,
				71499EB020F4224200A2595F /* LoginViewController.m in Sources */,
				71499EBC20F52AD700A2595F /* PostCell.m in Sources */,
				71CD5B5620F6A6BE009C12FA /* DetailsViewController.m in Sources */,
			);
			runOnlyForDeploymentPostprocessing = 0;
		};
/* End PBXSourcesBuildPhase section */

/* Begin PBXVariantGroup section */
		71499E9B20F411B200A2595F /* Main.storyboard */ = {
			isa = PBXVariantGroup;
			children = (
				71499E9C20F411B200A2595F /* Base */,
			);
			name = Main.storyboard;
			sourceTree = "<group>";
		};
		71499EA020F411B400A2595F /* LaunchScreen.storyboard */ = {
			isa = PBXVariantGroup;
			children = (
				71499EA120F411B400A2595F /* Base */,
			);
			name = LaunchScreen.storyboard;
			sourceTree = "<group>";
		};
/* End PBXVariantGroup section */

/* Begin XCBuildConfiguration section */
		71499EA620F411B400A2595F /* Debug */ = {
			isa = XCBuildConfiguration;
			buildSettings = {
				ALWAYS_SEARCH_USER_PATHS = NO;
				CLANG_ANALYZER_NONNULL = YES;
				CLANG_ANALYZER_NUMBER_OBJECT_CONVERSION = YES_AGGRESSIVE;
				CLANG_CXX_LANGUAGE_STANDARD = "gnu++14";
				CLANG_CXX_LIBRARY = "libc++";
				CLANG_ENABLE_MODULES = YES;
				CLANG_ENABLE_OBJC_ARC = YES;
				CLANG_ENABLE_OBJC_WEAK = YES;
				CLANG_WARN_BLOCK_CAPTURE_AUTORELEASING = YES;
				CLANG_WARN_BOOL_CONVERSION = YES;
				CLANG_WARN_COMMA = YES;
				CLANG_WARN_CONSTANT_CONVERSION = YES;
				CLANG_WARN_DEPRECATED_OBJC_IMPLEMENTATIONS = YES;
				CLANG_WARN_DIRECT_OBJC_ISA_USAGE = YES_ERROR;
				CLANG_WARN_DOCUMENTATION_COMMENTS = YES;
				CLANG_WARN_EMPTY_BODY = YES;
				CLANG_WARN_ENUM_CONVERSION = YES;
				CLANG_WARN_INFINITE_RECURSION = YES;
				CLANG_WARN_INT_CONVERSION = YES;
				CLANG_WARN_NON_LITERAL_NULL_CONVERSION = YES;
				CLANG_WARN_OBJC_IMPLICIT_RETAIN_SELF = YES;
				CLANG_WARN_OBJC_LITERAL_CONVERSION = YES;
				CLANG_WARN_OBJC_ROOT_CLASS = YES_ERROR;
				CLANG_WARN_RANGE_LOOP_ANALYSIS = YES;
				CLANG_WARN_STRICT_PROTOTYPES = YES;
				CLANG_WARN_SUSPICIOUS_MOVE = YES;
				CLANG_WARN_UNGUARDED_AVAILABILITY = YES_AGGRESSIVE;
				CLANG_WARN_UNREACHABLE_CODE = YES;
				CLANG_WARN__DUPLICATE_METHOD_MATCH = YES;
				CODE_SIGN_IDENTITY = "iPhone Developer";
				COPY_PHASE_STRIP = NO;
				DEBUG_INFORMATION_FORMAT = dwarf;
				ENABLE_STRICT_OBJC_MSGSEND = YES;
				ENABLE_TESTABILITY = YES;
				GCC_C_LANGUAGE_STANDARD = gnu11;
				GCC_DYNAMIC_NO_PIC = NO;
				GCC_NO_COMMON_BLOCKS = YES;
				GCC_OPTIMIZATION_LEVEL = 0;
				GCC_PREPROCESSOR_DEFINITIONS = (
					"DEBUG=1",
					"$(inherited)",
				);
				GCC_WARN_64_TO_32_BIT_CONVERSION = YES;
				GCC_WARN_ABOUT_RETURN_TYPE = YES_ERROR;
				GCC_WARN_UNDECLARED_SELECTOR = YES;
				GCC_WARN_UNINITIALIZED_AUTOS = YES_AGGRESSIVE;
				GCC_WARN_UNUSED_FUNCTION = YES;
				GCC_WARN_UNUSED_VARIABLE = YES;
				IPHONEOS_DEPLOYMENT_TARGET = 11.4;
				MTL_ENABLE_DEBUG_INFO = YES;
				ONLY_ACTIVE_ARCH = YES;
				SDKROOT = iphoneos;
			};
			name = Debug;
		};
		71499EA720F411B400A2595F /* Release */ = {
			isa = XCBuildConfiguration;
			buildSettings = {
				ALWAYS_SEARCH_USER_PATHS = NO;
				CLANG_ANALYZER_NONNULL = YES;
				CLANG_ANALYZER_NUMBER_OBJECT_CONVERSION = YES_AGGRESSIVE;
				CLANG_CXX_LANGUAGE_STANDARD = "gnu++14";
				CLANG_CXX_LIBRARY = "libc++";
				CLANG_ENABLE_MODULES = YES;
				CLANG_ENABLE_OBJC_ARC = YES;
				CLANG_ENABLE_OBJC_WEAK = YES;
				CLANG_WARN_BLOCK_CAPTURE_AUTORELEASING = YES;
				CLANG_WARN_BOOL_CONVERSION = YES;
				CLANG_WARN_COMMA = YES;
				CLANG_WARN_CONSTANT_CONVERSION = YES;
				CLANG_WARN_DEPRECATED_OBJC_IMPLEMENTATIONS = YES;
				CLANG_WARN_DIRECT_OBJC_ISA_USAGE = YES_ERROR;
				CLANG_WARN_DOCUMENTATION_COMMENTS = YES;
				CLANG_WARN_EMPTY_BODY = YES;
				CLANG_WARN_ENUM_CONVERSION = YES;
				CLANG_WARN_INFINITE_RECURSION = YES;
				CLANG_WARN_INT_CONVERSION = YES;
				CLANG_WARN_NON_LITERAL_NULL_CONVERSION = YES;
				CLANG_WARN_OBJC_IMPLICIT_RETAIN_SELF = YES;
				CLANG_WARN_OBJC_LITERAL_CONVERSION = YES;
				CLANG_WARN_OBJC_ROOT_CLASS = YES_ERROR;
				CLANG_WARN_RANGE_LOOP_ANALYSIS = YES;
				CLANG_WARN_STRICT_PROTOTYPES = YES;
				CLANG_WARN_SUSPICIOUS_MOVE = YES;
				CLANG_WARN_UNGUARDED_AVAILABILITY = YES_AGGRESSIVE;
				CLANG_WARN_UNREACHABLE_CODE = YES;
				CLANG_WARN__DUPLICATE_METHOD_MATCH = YES;
				CODE_SIGN_IDENTITY = "iPhone Developer";
				COPY_PHASE_STRIP = NO;
				DEBUG_INFORMATION_FORMAT = "dwarf-with-dsym";
				ENABLE_NS_ASSERTIONS = NO;
				ENABLE_STRICT_OBJC_MSGSEND = YES;
				GCC_C_LANGUAGE_STANDARD = gnu11;
				GCC_NO_COMMON_BLOCKS = YES;
				GCC_WARN_64_TO_32_BIT_CONVERSION = YES;
				GCC_WARN_ABOUT_RETURN_TYPE = YES_ERROR;
				GCC_WARN_UNDECLARED_SELECTOR = YES;
				GCC_WARN_UNINITIALIZED_AUTOS = YES_AGGRESSIVE;
				GCC_WARN_UNUSED_FUNCTION = YES;
				GCC_WARN_UNUSED_VARIABLE = YES;
				IPHONEOS_DEPLOYMENT_TARGET = 11.4;
				MTL_ENABLE_DEBUG_INFO = NO;
				SDKROOT = iphoneos;
				VALIDATE_PRODUCT = YES;
			};
			name = Release;
		};
		71499EA920F411B400A2595F /* Debug */ = {
			isa = XCBuildConfiguration;
			baseConfigurationReference = 64B9466D3AF5A7933F33AD8C /* Pods-Sarahgram.debug.xcconfig */;
			buildSettings = {
				ASSETCATALOG_COMPILER_APPICON_NAME = AppIcon;
				CODE_SIGN_STYLE = Automatic;
				DEVELOPMENT_TEAM = M5FMXKGD2G;
				INFOPLIST_FILE = Sarahgram/Info.plist;
				LD_RUNPATH_SEARCH_PATHS = (
					"$(inherited)",
					"@executable_path/Frameworks",
				);
				PRODUCT_BUNDLE_IDENTIFIER = com.skembry.Sarahgram;
				PRODUCT_NAME = "$(TARGET_NAME)";
				TARGETED_DEVICE_FAMILY = "1,2";
			};
			name = Debug;
		};
		71499EAA20F411B400A2595F /* Release */ = {
			isa = XCBuildConfiguration;
			baseConfigurationReference = 29DF87025CCA3F73CCF71621 /* Pods-Sarahgram.release.xcconfig */;
			buildSettings = {
				ASSETCATALOG_COMPILER_APPICON_NAME = AppIcon;
				CODE_SIGN_STYLE = Automatic;
				DEVELOPMENT_TEAM = M5FMXKGD2G;
				INFOPLIST_FILE = Sarahgram/Info.plist;
				LD_RUNPATH_SEARCH_PATHS = (
					"$(inherited)",
					"@executable_path/Frameworks",
				);
				PRODUCT_BUNDLE_IDENTIFIER = com.skembry.Sarahgram;
				PRODUCT_NAME = "$(TARGET_NAME)";
				TARGETED_DEVICE_FAMILY = "1,2";
			};
			name = Release;
		};
/* End XCBuildConfiguration section */

/* Begin XCConfigurationList section */
		71499E8D20F411B200A2595F /* Build configuration list for PBXProject "Sarahgram" */ = {
			isa = XCConfigurationList;
			buildConfigurations = (
				71499EA620F411B400A2595F /* Debug */,
				71499EA720F411B400A2595F /* Release */,
			);
			defaultConfigurationIsVisible = 0;
			defaultConfigurationName = Release;
		};
		71499EA820F411B400A2595F /* Build configuration list for PBXNativeTarget "Sarahgram" */ = {
			isa = XCConfigurationList;
			buildConfigurations = (
				71499EA920F411B400A2595F /* Debug */,
				71499EAA20F411B400A2595F /* Release */,
			);
			defaultConfigurationIsVisible = 0;
			defaultConfigurationName = Release;
		};
/* End XCConfigurationList section */
	};
	rootObject = 71499E8A20F411B200A2595F /* Project object */;
}
